
Microsoft Visual Studio Solution File, Format Version 12.00
# Visual Studio Version 17
VisualStudioVersion = 17.14.36401.2
MinimumVisualStudioVersion = 10.0.40219.1
Project("{2150E333-8FDC-42A3-9474-1A3956D46DE8}") = "1 - Presentation", "1 - Presentation", "{02EA681E-C7D8-13C7-8484-4AC65E1B71E8}"
EndProject
Project("{FAE04EC0-301F-11D3-BF4B-00C04F79EFBC}") = "CampaignWatchWorker.Worker", "src\CampaignWatchWorker.Worker\CampaignWatchWorker.Worker.csproj", "{EFC1C604-2BCD-4AE2-92EC-017C0BA54EEC}"
EndProject
Project("{2150E333-8FDC-42A3-9474-1A3956D46DE8}") = "2 - Application", "2 - Application", "{ABD579D8-910D-4E46-9CEB-DEBF84BD299B}"
EndProject
Project("{FAE04EC0-301F-11D3-BF4B-00C04F79EFBC}") = "CampaignWatchWorker.Application", "src\CampaignWatchWorker.Application\CampaignWatchWorker.Application.csproj", "{6C8E4644-3FF1-4700-928B-1E6950E580E2}"
EndProject
Project("{2150E333-8FDC-42A3-9474-1A3956D46DE8}") = "3 - Domain", "3 - Domain", "{15B74575-2792-4AAB-B8FF-88D404675FB1}"
EndProject
Project("{2150E333-8FDC-42A3-9474-1A3956D46DE8}") = "4 - Infra", "4 - Infra", "{958CBE19-8535-4C47-9047-E85DF8594701}"
EndProject
Project("{2150E333-8FDC-42A3-9474-1A3956D46DE8}") = "Ioc", "Ioc", "{7F1F50BE-B8A0-4B94-8247-DF920A609FC4}"
EndProject
Project("{FAE04EC0-301F-11D3-BF4B-00C04F79EFBC}") = "CampaignWatchWorker.Infra.Ioc", "src\CampaignWatchWorker.Infra.Ioc\CampaignWatchWorker.Infra.Ioc.csproj", "{31E6C1C1-0280-47DD-8BC4-FCE70EC31CF0}"
EndProject
Project("{2150E333-8FDC-42A3-9474-1A3956D46DE8}") = "MultiTenant", "MultiTenant", "{1B8CAC79-1793-4214-9C7C-12078DD7C478}"
EndProject
Project("{FAE04EC0-301F-11D3-BF4B-00C04F79EFBC}") = "CampaignWatchWorker.Infra.MultiTenant", "src\CampaignWatchWorker.Infra.MultiTenant\CampaignWatchWorker.Infra.MultiTenant.csproj", "{7F229CAE-1527-4F01-917C-50F2EEF74817}"
EndProject
Project("{2150E333-8FDC-42A3-9474-1A3956D46DE8}") = "Data", "Data", "{E43C596D-3101-428A-B5B6-129FA34BCE5C}"
EndProject
Project("{FAE04EC0-301F-11D3-BF4B-00C04F79EFBC}") = "CampaignWatchWorker.Data", "src\CampaignWatchWorker.Data\CampaignWatchWorker.Data.csproj", "{2AB67C47-763C-4A19-BBF2-B0C1CB3439C6}"
EndProject
Project("{2150E333-8FDC-42A3-9474-1A3956D46DE8}") = "6 - Tests", "6 - Tests", "{1248BF58-EE74-4F6A-8904-7DCA756D4F3F}"
EndProject
Project("{FAE04EC0-301F-11D3-BF4B-00C04F79EFBC}") = "CampaignWatchWorker.Tests", "tests\CampaignWatchWorker.Tests\CampaignWatchWorker.Tests.csproj", "{1D469D24-342C-4B58-87A9-D34D34578207}"
EndProject
Project("{2150E333-8FDC-42A3-9474-1A3956D46DE8}") = "Campaign", "Campaign", "{837507A2-32DE-4657-8756-E541C8F0AEC6}"
EndProject
Project("{FAE04EC0-301F-11D3-BF4B-00C04F79EFBC}") = "CampaignWatchWorker.Infra.Campaign", "src\CampaignWatchWorker.Campaign\CampaignWatchWorker.Infra.Campaign.csproj", "{510E11C2-C886-4ECD-BB5E-1AC19C4A5467}"
EndProject
Project("{FAE04EC0-301F-11D3-BF4B-00C04F79EFBC}") = "CampaignWatchWorker.Domain.Models", "src\CampaignWatchWorker.Domain.Models\CampaignWatchWorker.Domain.Models.csproj", "{36EF212F-ADB5-B046-27B9-AEF57F00F53F}"
EndProject
Global
	GlobalSection(SolutionConfigurationPlatforms) = preSolution
		Debug|Any CPU = Debug|Any CPU
		Release|Any CPU = Release|Any CPU
	EndGlobalSection
	GlobalSection(ProjectConfigurationPlatforms) = postSolution
		{EFC1C604-2BCD-4AE2-92EC-017C0BA54EEC}.Debug|Any CPU.ActiveCfg = Debug|Any CPU
		{EFC1C604-2BCD-4AE2-92EC-017C0BA54EEC}.Debug|Any CPU.Build.0 = Debug|Any CPU
		{EFC1C604-2BCD-4AE2-92EC-017C0BA54EEC}.Release|Any CPU.ActiveCfg = Release|Any CPU
		{EFC1C604-2BCD-4AE2-92EC-017C0BA54EEC}.Release|Any CPU.Build.0 = Release|Any CPU
		{6C8E4644-3FF1-4700-928B-1E6950E580E2}.Debug|Any CPU.ActiveCfg = Debug|Any CPU
		{6C8E4644-3FF1-4700-928B-1E6950E580E2}.Debug|Any CPU.Build.0 = Debug|Any CPU
		{6C8E4644-3FF1-4700-928B-1E6950E580E2}.Release|Any CPU.ActiveCfg = Release|Any CPU
		{6C8E4644-3FF1-4700-928B-1E6950E580E2}.Release|Any CPU.Build.0 = Release|Any CPU
		{31E6C1C1-0280-47DD-8BC4-FCE70EC31CF0}.Debug|Any CPU.ActiveCfg = Debug|Any CPU
		{31E6C1C1-0280-47DD-8BC4-FCE70EC31CF0}.Debug|Any CPU.Build.0 = Debug|Any CPU
		{31E6C1C1-0280-47DD-8BC4-FCE70EC31CF0}.Release|Any CPU.ActiveCfg = Release|Any CPU
		{31E6C1C1-0280-47DD-8BC4-FCE70EC31CF0}.Release|Any CPU.Build.0 = Release|Any CPU
		{7F229CAE-1527-4F01-917C-50F2EEF74817}.Debug|Any CPU.ActiveCfg = Debug|Any CPU
		{7F229CAE-1527-4F01-917C-50F2EEF74817}.Debug|Any CPU.Build.0 = Debug|Any CPU
		{7F229CAE-1527-4F01-917C-50F2EEF74817}.Release|Any CPU.ActiveCfg = Release|Any CPU
		{7F229CAE-1527-4F01-917C-50F2EEF74817}.Release|Any CPU.Build.0 = Release|Any CPU
		{2AB67C47-763C-4A19-BBF2-B0C1CB3439C6}.Debug|Any CPU.ActiveCfg = Debug|Any CPU
		{2AB67C47-763C-4A19-BBF2-B0C1CB3439C6}.Debug|Any CPU.Build.0 = Debug|Any CPU
		{2AB67C47-763C-4A19-BBF2-B0C1CB3439C6}.Release|Any CPU.ActiveCfg = Release|Any CPU
		{2AB67C47-763C-4A19-BBF2-B0C1CB3439C6}.Release|Any CPU.Build.0 = Release|Any CPU
		{1D469D24-342C-4B58-87A9-D34D34578207}.Debug|Any CPU.ActiveCfg = Debug|Any CPU
		{1D469D24-342C-4B58-87A9-D34D34578207}.Debug|Any CPU.Build.0 = Debug|Any CPU
		{1D469D24-342C-4B58-87A9-D34D34578207}.Release|Any CPU.ActiveCfg = Release|Any CPU
		{1D469D24-342C-4B58-87A9-D34D34578207}.Release|Any CPU.Build.0 = Release|Any CPU
		{510E11C2-C886-4ECD-BB5E-1AC19C4A5467}.Debug|Any CPU.ActiveCfg = Debug|Any CPU
		{510E11C2-C886-4ECD-BB5E-1AC19C4A5467}.Debug|Any CPU.Build.0 = Debug|Any CPU
		{510E11C2-C886-4ECD-BB5E-1AC19C4A5467}.Release|Any CPU.ActiveCfg = Release|Any CPU
		{510E11C2-C886-4ECD-BB5E-1AC19C4A5467}.Release|Any CPU.Build.0 = Release|Any CPU
		{36EF212F-ADB5-B046-27B9-AEF57F00F53F}.Debug|Any CPU.ActiveCfg = Debug|Any CPU
		{36EF212F-ADB5-B046-27B9-AEF57F00F53F}.Debug|Any CPU.Build.0 = Debug|Any CPU
		{36EF212F-ADB5-B046-27B9-AEF57F00F53F}.Release|Any CPU.ActiveCfg = Release|Any CPU
		{36EF212F-ADB5-B046-27B9-AEF57F00F53F}.Release|Any CPU.Build.0 = Release|Any CPU
	EndGlobalSection
	GlobalSection(SolutionProperties) = preSolution
		HideSolutionNode = FALSE
	EndGlobalSection
	GlobalSection(NestedProjects) = preSolution
		{EFC1C604-2BCD-4AE2-92EC-017C0BA54EEC} = {02EA681E-C7D8-13C7-8484-4AC65E1B71E8}
		{6C8E4644-3FF1-4700-928B-1E6950E580E2} = {ABD579D8-910D-4E46-9CEB-DEBF84BD299B}
		{7F1F50BE-B8A0-4B94-8247-DF920A609FC4} = {958CBE19-8535-4C47-9047-E85DF8594701}
		{31E6C1C1-0280-47DD-8BC4-FCE70EC31CF0} = {7F1F50BE-B8A0-4B94-8247-DF920A609FC4}
		{1B8CAC79-1793-4214-9C7C-12078DD7C478} = {958CBE19-8535-4C47-9047-E85DF8594701}
		{7F229CAE-1527-4F01-917C-50F2EEF74817} = {1B8CAC79-1793-4214-9C7C-12078DD7C478}
		{E43C596D-3101-428A-B5B6-129FA34BCE5C} = {958CBE19-8535-4C47-9047-E85DF8594701}
		{2AB67C47-763C-4A19-BBF2-B0C1CB3439C6} = {E43C596D-3101-428A-B5B6-129FA34BCE5C}
		{1D469D24-342C-4B58-87A9-D34D34578207} = {1248BF58-EE74-4F6A-8904-7DCA756D4F3F}
		{837507A2-32DE-4657-8756-E541C8F0AEC6} = {958CBE19-8535-4C47-9047-E85DF8594701}
		{510E11C2-C886-4ECD-BB5E-1AC19C4A5467} = {837507A2-32DE-4657-8756-E541C8F0AEC6}
		{36EF212F-ADB5-B046-27B9-AEF57F00F53F} = {15B74575-2792-4AAB-B8FF-88D404675FB1}
	EndGlobalSection
	GlobalSection(ExtensibilityGlobals) = postSolution
		SolutionGuid = {BE9EC97D-9642-4976-939E-4099A99D2916}
	EndGlobalSection
EndGlobal
